
Microsoft Visual Studio Solution File, Format Version 12.00
# Visual Studio Version 17
VisualStudioVersion = 17.0.31903.59
MinimumVisualStudioVersion = 10.0.40219.1
Project("{2150E333-8FDC-42A3-9474-1A3956D46DE8}") = "Shared", "Shared", "{4F52FD11-658E-A102-6CD3-7D7C16FFA15B}"
EndProject
Project("{FAE04EC0-301F-11D3-BF4B-00C04F79EFBC}") = "Shared.Kernel", "src\Shared.Kernel\Shared.Kernel.csproj", "{53B91C60-9FB5-4A57-B2E1-28F1B28D041D}"
EndProject
Project("{FAE04EC0-301F-11D3-BF4B-00C04F79EFBC}") = "Shared.Contracts", "src\Shared.Contracts\Shared.Contracts.csproj", "{F1185771-2772-4A6F-8FF1-E10FA9CA24B8}"
EndProject
Project("{FAE04EC0-301F-11D3-BF4B-00C04F79EFBC}") = "Shared.Infrastructure", "src\Shared.Infrastructure\Shared.Infrastructure.csproj", "{5E677B8B-85A9-40DD-946E-FFE996E94980}"
EndProject
Project("{2150E333-8FDC-42A3-9474-1A3956D46DE8}") = "Modules", "Modules", "{CA253913-39DE-BFD0-C9A3-4B7EC6FBDF17}"
EndProject
Project("{2150E333-8FDC-42A3-9474-1A3956D46DE8}") = "Ordering", "Ordering", "{27F90384-215D-F033-2E44-812BACF6D1B0}"
EndProject
Project("{FAE04EC0-301F-11D3-BF4B-00C04F79EFBC}") = "Ordering", "src\Modules\Ordering\Ordering\Ordering.csproj", "{975EB897-D71B-414A-9802-9509F842CD93}"
EndProject
Project("{FAE04EC0-301F-11D3-BF4B-00C04F79EFBC}") = "Ordering.Contracts", "src\Modules\Ordering\Ordering.Contracts\Ordering.Contracts.csproj", "{CBC1175D-609F-425D-9D1A-A572C1E9F83F}"
EndProject
Project("{2150E333-8FDC-42A3-9474-1A3956D46DE8}") = "Inventory", "Inventory", "{A68BCFB6-B88D-4352-653D-5429B95F8475}"
EndProject
Project("{FAE04EC0-301F-11D3-BF4B-00C04F79EFBC}") = "Inventory", "src\Modules\Inventory\Inventory\Inventory.csproj", "{30ED8994-6FD4-426A-9701-7FDA8CD14B00}"
EndProject
Project("{FAE04EC0-301F-11D3-BF4B-00C04F79EFBC}") = "Inventory.Contracts", "src\Modules\Inventory\Inventory.Contracts\Inventory.Contracts.csproj", "{961FE76A-47CF-4649-AC25-5B98F5C30BAF}"
EndProject
Project("{2150E333-8FDC-42A3-9474-1A3956D46DE8}") = "Integration", "Integration", "{D8CED9F5-4F85-2931-3CB0-8B5130FC326C}"
EndProject
Project("{FAE04EC0-301F-11D3-BF4B-00C04F79EFBC}") = "Integration", "src\Modules\Integration\Integration\Integration.csproj", "{AFE6D9EB-C95E-486E-A3E5-DFBEBF38108C}"
EndProject
Project("{FAE04EC0-301F-11D3-BF4B-00C04F79EFBC}") = "Integration.Contracts", "src\Modules\Integration\Integration.Contracts\Integration.Contracts.csproj", "{146BC2BF-51E5-4FB6-9DE5-9638164E9FFA}"
EndProject
Project("{2150E333-8FDC-42A3-9474-1A3956D46DE8}") = "Identity", "Identity", "{293C06CD-4E17-48BD-9F3B-B5ADDFFA9425}"
EndProject
Project("{FAE04EC0-301F-11D3-BF4B-00C04F79EFBC}") = "Identity", "src\Modules\Identity\Identity\Identity.csproj", "{0E3590B1-4BDD-4E52-A648-CCF32F8BA8C4}"
EndProject
Project("{FAE04EC0-301F-11D3-BF4B-00C04F79EFBC}") = "Identity.Contracts", "src\Modules\Identity\Identity.Contracts\Identity.Contracts.csproj", "{60CDF2E2-896E-41CA-882E-C245F20168BC}"
EndProject
Project("{2150E333-8FDC-42A3-9474-1A3956D46DE8}") = "src", "src", "{827E0CD3-B72D-47B6-A68D-7590B98EB39B}"
EndProject
Project("{FAE04EC0-301F-11D3-BF4B-00C04F79EFBC}") = "OrderSync.Api", "src\OrderSync.Api\OrderSync.Api.csproj", "{B761DC3F-C1F9-4CA8-9C70-D69F2E059585}"
EndProject
Project("{2150E333-8FDC-42A3-9474-1A3956D46DE8}") = "Modules", "Modules", "{EC447DCF-ABFA-6E24-52A5-D7FD48A5C558}"
EndProject
Project("{2150E333-8FDC-42A3-9474-1A3956D46DE8}") = "Ordering", "Ordering", "{1652FDBE-FD70-10D2-8806-7EAA51A58284}"
EndProject
Project("{2150E333-8FDC-42A3-9474-1A3956D46DE8}") = "Inventory", "Inventory", "{18C073E0-6CB1-4693-3636-BFEE619A6192}"
EndProject
Project("{2150E333-8FDC-42A3-9474-1A3956D46DE8}") = "Integration", "Integration", "{770B2400-F324-E00F-B322-A2F3CFCA8515}"
EndProject
Project("{2150E333-8FDC-42A3-9474-1A3956D46DE8}") = "Identity", "Identity", "{0EC62A1A-9858-3A60-8A0C-FC9AACFA2EC7}"
EndProject
Global
	GlobalSection(SolutionConfigurationPlatforms) = preSolution
		Debug|Any CPU = Debug|Any CPU
		Debug|x64 = Debug|x64
		Debug|x86 = Debug|x86
		Release|Any CPU = Release|Any CPU
		Release|x64 = Release|x64
		Release|x86 = Release|x86
	EndGlobalSection
	GlobalSection(ProjectConfigurationPlatforms) = postSolution
		{53B91C60-9FB5-4A57-B2E1-28F1B28D041D}.Debug|Any CPU.ActiveCfg = Debug|Any CPU
		{53B91C60-9FB5-4A57-B2E1-28F1B28D041D}.Debug|Any CPU.Build.0 = Debug|Any CPU
		{53B91C60-9FB5-4A57-B2E1-28F1B28D041D}.Debug|x64.ActiveCfg = Debug|Any CPU
		{53B91C60-9FB5-4A57-B2E1-28F1B28D041D}.Debug|x64.Build.0 = Debug|Any CPU
		{53B91C60-9FB5-4A57-B2E1-28F1B28D041D}.Debug|x86.ActiveCfg = Debug|Any CPU
		{53B91C60-9FB5-4A57-B2E1-28F1B28D041D}.Debug|x86.Build.0 = Debug|Any CPU
		{53B91C60-9FB5-4A57-B2E1-28F1B28D041D}.Release|Any CPU.ActiveCfg = Release|Any CPU
		{53B91C60-9FB5-4A57-B2E1-28F1B28D041D}.Release|Any CPU.Build.0 = Release|Any CPU
		{53B91C60-9FB5-4A57-B2E1-28F1B28D041D}.Release|x64.ActiveCfg = Release|Any CPU
		{53B91C60-9FB5-4A57-B2E1-28F1B28D041D}.Release|x64.Build.0 = Release|Any CPU
		{53B91C60-9FB5-4A57-B2E1-28F1B28D041D}.Release|x86.ActiveCfg = Release|Any CPU
		{53B91C60-9FB5-4A57-B2E1-28F1B28D041D}.Release|x86.Build.0 = Release|Any CPU
		{F1185771-2772-4A6F-8FF1-E10FA9CA24B8}.Debug|Any CPU.ActiveCfg = Debug|Any CPU
		{F1185771-2772-4A6F-8FF1-E10FA9CA24B8}.Debug|Any CPU.Build.0 = Debug|Any CPU
		{F1185771-2772-4A6F-8FF1-E10FA9CA24B8}.Debug|x64.ActiveCfg = Debug|Any CPU
		{F1185771-2772-4A6F-8FF1-E10FA9CA24B8}.Debug|x64.Build.0 = Debug|Any CPU
		{F1185771-2772-4A6F-8FF1-E10FA9CA24B8}.Debug|x86.ActiveCfg = Debug|Any CPU
		{F1185771-2772-4A6F-8FF1-E10FA9CA24B8}.Debug|x86.Build.0 = Debug|Any CPU
		{F1185771-2772-4A6F-8FF1-E10FA9CA24B8}.Release|Any CPU.ActiveCfg = Release|Any CPU
		{F1185771-2772-4A6F-8FF1-E10FA9CA24B8}.Release|Any CPU.Build.0 = Release|Any CPU
		{F1185771-2772-4A6F-8FF1-E10FA9CA24B8}.Release|x64.ActiveCfg = Release|Any CPU
		{F1185771-2772-4A6F-8FF1-E10FA9CA24B8}.Release|x64.Build.0 = Release|Any CPU
		{F1185771-2772-4A6F-8FF1-E10FA9CA24B8}.Release|x86.ActiveCfg = Release|Any CPU
		{F1185771-2772-4A6F-8FF1-E10FA9CA24B8}.Release|x86.Build.0 = Release|Any CPU
		{5E677B8B-85A9-40DD-946E-FFE996E94980}.Debug|Any CPU.ActiveCfg = Debug|Any CPU
		{5E677B8B-85A9-40DD-946E-FFE996E94980}.Debug|Any CPU.Build.0 = Debug|Any CPU
		{5E677B8B-85A9-40DD-946E-FFE996E94980}.Debug|x64.ActiveCfg = Debug|Any CPU
		{5E677B8B-85A9-40DD-946E-FFE996E94980}.Debug|x64.Build.0 = Debug|Any CPU
		{5E677B8B-85A9-40DD-946E-FFE996E94980}.Debug|x86.ActiveCfg = Debug|Any CPU
		{5E677B8B-85A9-40DD-946E-FFE996E94980}.Debug|x86.Build.0 = Debug|Any CPU
		{5E677B8B-85A9-40DD-946E-FFE996E94980}.Release|Any CPU.ActiveCfg = Release|Any CPU
		{5E677B8B-85A9-40DD-946E-FFE996E94980}.Release|Any CPU.Build.0 = Release|Any CPU
		{5E677B8B-85A9-40DD-946E-FFE996E94980}.Release|x64.ActiveCfg = Release|Any CPU
		{5E677B8B-85A9-40DD-946E-FFE996E94980}.Release|x64.Build.0 = Release|Any CPU
		{5E677B8B-85A9-40DD-946E-FFE996E94980}.Release|x86.ActiveCfg = Release|Any CPU
		{5E677B8B-85A9-40DD-946E-FFE996E94980}.Release|x86.Build.0 = Release|Any CPU
		{975EB897-D71B-414A-9802-9509F842CD93}.Debug|Any CPU.ActiveCfg = Debug|Any CPU
		{975EB897-D71B-414A-9802-9509F842CD93}.Debug|Any CPU.Build.0 = Debug|Any CPU
		{975EB897-D71B-414A-9802-9509F842CD93}.Debug|x64.ActiveCfg = Debug|Any CPU
		{975EB897-D71B-414A-9802-9509F842CD93}.Debug|x64.Build.0 = Debug|Any CPU
		{975EB897-D71B-414A-9802-9509F842CD93}.Debug|x86.ActiveCfg = Debug|Any CPU
		{975EB897-D71B-414A-9802-9509F842CD93}.Debug|x86.Build.0 = Debug|Any CPU
		{975EB897-D71B-414A-9802-9509F842CD93}.Release|Any CPU.ActiveCfg = Release|Any CPU
		{975EB897-D71B-414A-9802-9509F842CD93}.Release|Any CPU.Build.0 = Release|Any CPU
		{975EB897-D71B-414A-9802-9509F842CD93}.Release|x64.ActiveCfg = Release|Any CPU
		{975EB897-D71B-414A-9802-9509F842CD93}.Release|x64.Build.0 = Release|Any CPU
		{975EB897-D71B-414A-9802-9509F842CD93}.Release|x86.ActiveCfg = Release|Any CPU
		{975EB897-D71B-414A-9802-9509F842CD93}.Release|x86.Build.0 = Release|Any CPU
		{CBC1175D-609F-425D-9D1A-A572C1E9F83F}.Debug|Any CPU.ActiveCfg = Debug|Any CPU
		{CBC1175D-609F-425D-9D1A-A572C1E9F83F}.Debug|Any CPU.Build.0 = Debug|Any CPU
		{CBC1175D-609F-425D-9D1A-A572C1E9F83F}.Debug|x64.ActiveCfg = Debug|Any CPU
		{CBC1175D-609F-425D-9D1A-A572C1E9F83F}.Debug|x64.Build.0 = Debug|Any CPU
		{CBC1175D-609F-425D-9D1A-A572C1E9F83F}.Debug|x86.ActiveCfg = Debug|Any CPU
		{CBC1175D-609F-425D-9D1A-A572C1E9F83F}.Debug|x86.Build.0 = Debug|Any CPU
		{CBC1175D-609F-425D-9D1A-A572C1E9F83F}.Release|Any CPU.ActiveCfg = Release|Any CPU
		{CBC1175D-609F-425D-9D1A-A572C1E9F83F}.Release|Any CPU.Build.0 = Release|Any CPU
		{CBC1175D-609F-425D-9D1A-A572C1E9F83F}.Release|x64.ActiveCfg = Release|Any CPU
		{CBC1175D-609F-425D-9D1A-A572C1E9F83F}.Release|x64.Build.0 = Release|Any CPU
		{CBC1175D-609F-425D-9D1A-A572C1E9F83F}.Release|x86.ActiveCfg = Release|Any CPU
		{CBC1175D-609F-425D-9D1A-A572C1E9F83F}.Release|x86.Build.0 = Release|Any CPU
		{30ED8994-6FD4-426A-9701-7FDA8CD14B00}.Debug|Any CPU.ActiveCfg = Debug|Any CPU
		{30ED8994-6FD4-426A-9701-7FDA8CD14B00}.Debug|Any CPU.Build.0 = Debug|Any CPU
		{30ED8994-6FD4-426A-9701-7FDA8CD14B00}.Debug|x64.ActiveCfg = Debug|Any CPU
		{30ED8994-6FD4-426A-9701-7FDA8CD14B00}.Debug|x64.Build.0 = Debug|Any CPU
		{30ED8994-6FD4-426A-9701-7FDA8CD14B00}.Debug|x86.ActiveCfg = Debug|Any CPU
		{30ED8994-6FD4-426A-9701-7FDA8CD14B00}.Debug|x86.Build.0 = Debug|Any CPU
		{30ED8994-6FD4-426A-9701-7FDA8CD14B00}.Release|Any CPU.ActiveCfg = Release|Any CPU
		{30ED8994-6FD4-426A-9701-7FDA8CD14B00}.Release|Any CPU.Build.0 = Release|Any CPU
		{30ED8994-6FD4-426A-9701-7FDA8CD14B00}.Release|x64.ActiveCfg = Release|Any CPU
		{30ED8994-6FD4-426A-9701-7FDA8CD14B00}.Release|x64.Build.0 = Release|Any CPU
		{30ED8994-6FD4-426A-9701-7FDA8CD14B00}.Release|x86.ActiveCfg = Release|Any CPU
		{30ED8994-6FD4-426A-9701-7FDA8CD14B00}.Release|x86.Build.0 = Release|Any CPU
		{961FE76A-47CF-4649-AC25-5B98F5C30BAF}.Debug|Any CPU.ActiveCfg = Debug|Any CPU
		{961FE76A-47CF-4649-AC25-5B98F5C30BAF}.Debug|Any CPU.Build.0 = Debug|Any CPU
		{961FE76A-47CF-4649-AC25-5B98F5C30BAF}.Debug|x64.ActiveCfg = Debug|Any CPU
		{961FE76A-47CF-4649-AC25-5B98F5C30BAF}.Debug|x64.Build.0 = Debug|Any CPU
		{961FE76A-47CF-4649-AC25-5B98F5C30BAF}.Debug|x86.ActiveCfg = Debug|Any CPU
		{961FE76A-47CF-4649-AC25-5B98F5C30BAF}.Debug|x86.Build.0 = Debug|Any CPU
		{961FE76A-47CF-4649-AC25-5B98F5C30BAF}.Release|Any CPU.ActiveCfg = Release|Any CPU
		{961FE76A-47CF-4649-AC25-5B98F5C30BAF}.Release|Any CPU.Build.0 = Release|Any CPU
		{961FE76A-47CF-4649-AC25-5B98F5C30BAF}.Release|x64.ActiveCfg = Release|Any CPU
		{961FE76A-47CF-4649-AC25-5B98F5C30BAF}.Release|x64.Build.0 = Release|Any CPU
		{961FE76A-47CF-4649-AC25-5B98F5C30BAF}.Release|x86.ActiveCfg = Release|Any CPU
		{961FE76A-47CF-4649-AC25-5B98F5C30BAF}.Release|x86.Build.0 = Release|Any CPU
		{AFE6D9EB-C95E-486E-A3E5-DFBEBF38108C}.Debug|Any CPU.ActiveCfg = Debug|Any CPU
		{AFE6D9EB-C95E-486E-A3E5-DFBEBF38108C}.Debug|Any CPU.Build.0 = Debug|Any CPU
		{AFE6D9EB-C95E-486E-A3E5-DFBEBF38108C}.Debug|x64.ActiveCfg = Debug|Any CPU
		{AFE6D9EB-C95E-486E-A3E5-DFBEBF38108C}.Debug|x64.Build.0 = Debug|Any CPU
		{AFE6D9EB-C95E-486E-A3E5-DFBEBF38108C}.Debug|x86.ActiveCfg = Debug|Any CPU
		{AFE6D9EB-C95E-486E-A3E5-DFBEBF38108C}.Debug|x86.Build.0 = Debug|Any CPU
		{AFE6D9EB-C95E-486E-A3E5-DFBEBF38108C}.Release|Any CPU.ActiveCfg = Release|Any CPU
		{AFE6D9EB-C95E-486E-A3E5-DFBEBF38108C}.Release|Any CPU.Build.0 = Release|Any CPU
		{AFE6D9EB-C95E-486E-A3E5-DFBEBF38108C}.Release|x64.ActiveCfg = Release|Any CPU
		{AFE6D9EB-C95E-486E-A3E5-DFBEBF38108C}.Release|x64.Build.0 = Release|Any CPU
		{AFE6D9EB-C95E-486E-A3E5-DFBEBF38108C}.Release|x86.ActiveCfg = Release|Any CPU
		{AFE6D9EB-C95E-486E-A3E5-DFBEBF38108C}.Release|x86.Build.0 = Release|Any CPU
		{146BC2BF-51E5-4FB6-9DE5-9638164E9FFA}.Debug|Any CPU.ActiveCfg = Debug|Any CPU
		{146BC2BF-51E5-4FB6-9DE5-9638164E9FFA}.Debug|Any CPU.Build.0 = Debug|Any CPU
		{146BC2BF-51E5-4FB6-9DE5-9638164E9FFA}.Debug|x64.ActiveCfg = Debug|Any CPU
		{146BC2BF-51E5-4FB6-9DE5-9638164E9FFA}.Debug|x64.Build.0 = Debug|Any CPU
		{146BC2BF-51E5-4FB6-9DE5-9638164E9FFA}.Debug|x86.ActiveCfg = Debug|Any CPU
		{146BC2BF-51E5-4FB6-9DE5-9638164E9FFA}.Debug|x86.Build.0 = Debug|Any CPU
		{146BC2BF-51E5-4FB6-9DE5-9638164E9FFA}.Release|Any CPU.ActiveCfg = Release|Any CPU
		{146BC2BF-51E5-4FB6-9DE5-9638164E9FFA}.Release|Any CPU.Build.0 = Release|Any CPU
		{146BC2BF-51E5-4FB6-9DE5-9638164E9FFA}.Release|x64.ActiveCfg = Release|Any CPU
		{146BC2BF-51E5-4FB6-9DE5-9638164E9FFA}.Release|x64.Build.0 = Release|Any CPU
		{146BC2BF-51E5-4FB6-9DE5-9638164E9FFA}.Release|x86.ActiveCfg = Release|Any CPU
		{146BC2BF-51E5-4FB6-9DE5-9638164E9FFA}.Release|x86.Build.0 = Release|Any CPU
		{0E3590B1-4BDD-4E52-A648-CCF32F8BA8C4}.Debug|Any CPU.ActiveCfg = Debug|Any CPU
		{0E3590B1-4BDD-4E52-A648-CCF32F8BA8C4}.Debug|Any CPU.Build.0 = Debug|Any CPU
		{0E3590B1-4BDD-4E52-A648-CCF32F8BA8C4}.Debug|x64.ActiveCfg = Debug|Any CPU
		{0E3590B1-4BDD-4E52-A648-CCF32F8BA8C4}.Debug|x64.Build.0 = Debug|Any CPU
		{0E3590B1-4BDD-4E52-A648-CCF32F8BA8C4}.Debug|x86.ActiveCfg = Debug|Any CPU
		{0E3590B1-4BDD-4E52-A648-CCF32F8BA8C4}.Debug|x86.Build.0 = Debug|Any CPU
		{0E3590B1-4BDD-4E52-A648-CCF32F8BA8C4}.Release|Any CPU.ActiveCfg = Release|Any CPU
		{0E3590B1-4BDD-4E52-A648-CCF32F8BA8C4}.Release|Any CPU.Build.0 = Release|Any CPU
		{0E3590B1-4BDD-4E52-A648-CCF32F8BA8C4}.Release|x64.ActiveCfg = Release|Any CPU
		{0E3590B1-4BDD-4E52-A648-CCF32F8BA8C4}.Release|x64.Build.0 = Release|Any CPU
		{0E3590B1-4BDD-4E52-A648-CCF32F8BA8C4}.Release|x86.ActiveCfg = Release|Any CPU
		{0E3590B1-4BDD-4E52-A648-CCF32F8BA8C4}.Release|x86.Build.0 = Release|Any CPU
		{60CDF2E2-896E-41CA-882E-C245F20168BC}.Debug|Any CPU.ActiveCfg = Debug|Any CPU
		{60CDF2E2-896E-41CA-882E-C245F20168BC}.Debug|Any CPU.Build.0 = Debug|Any CPU
		{60CDF2E2-896E-41CA-882E-C245F20168BC}.Debug|x64.ActiveCfg = Debug|Any CPU
		{60CDF2E2-896E-41CA-882E-C245F20168BC}.Debug|x64.Build.0 = Debug|Any CPU
		{60CDF2E2-896E-41CA-882E-C245F20168BC}.Debug|x86.ActiveCfg = Debug|Any CPU
		{60CDF2E2-896E-41CA-882E-C245F20168BC}.Debug|x86.Build.0 = Debug|Any CPU
		{60CDF2E2-896E-41CA-882E-C245F20168BC}.Release|Any CPU.ActiveCfg = Release|Any CPU
		{60CDF2E2-896E-41CA-882E-C245F20168BC}.Release|Any CPU.Build.0 = Release|Any CPU
		{60CDF2E2-896E-41CA-882E-C245F20168BC}.Release|x64.ActiveCfg = Release|Any CPU
		{60CDF2E2-896E-41CA-882E-C245F20168BC}.Release|x64.Build.0 = Release|Any CPU
		{60CDF2E2-896E-41CA-882E-C245F20168BC}.Release|x86.ActiveCfg = Release|Any CPU
		{60CDF2E2-896E-41CA-882E-C245F20168BC}.Release|x86.Build.0 = Release|Any CPU
		{B761DC3F-C1F9-4CA8-9C70-D69F2E059585}.Debug|Any CPU.ActiveCfg = Debug|Any CPU
		{B761DC3F-C1F9-4CA8-9C70-D69F2E059585}.Debug|Any CPU.Build.0 = Debug|Any CPU
		{B761DC3F-C1F9-4CA8-9C70-D69F2E059585}.Debug|x64.ActiveCfg = Debug|Any CPU
		{B761DC3F-C1F9-4CA8-9C70-D69F2E059585}.Debug|x64.Build.0 = Debug|Any CPU
		{B761DC3F-C1F9-4CA8-9C70-D69F2E059585}.Debug|x86.ActiveCfg = Debug|Any CPU
		{B761DC3F-C1F9-4CA8-9C70-D69F2E059585}.Debug|x86.Build.0 = Debug|Any CPU
		{B761DC3F-C1F9-4CA8-9C70-D69F2E059585}.Release|Any CPU.ActiveCfg = Release|Any CPU
		{B761DC3F-C1F9-4CA8-9C70-D69F2E059585}.Release|Any CPU.Build.0 = Release|Any CPU
		{B761DC3F-C1F9-4CA8-9C70-D69F2E059585}.Release|x64.ActiveCfg = Release|Any CPU
		{B761DC3F-C1F9-4CA8-9C70-D69F2E059585}.Release|x64.Build.0 = Release|Any CPU
		{B761DC3F-C1F9-4CA8-9C70-D69F2E059585}.Release|x86.ActiveCfg = Release|Any CPU
		{B761DC3F-C1F9-4CA8-9C70-D69F2E059585}.Release|x86.Build.0 = Release|Any CPU
	EndGlobalSection
	GlobalSection(SolutionProperties) = preSolution
		HideSolutionNode = FALSE
	EndGlobalSection
	GlobalSection(NestedProjects) = preSolution
		{53B91C60-9FB5-4A57-B2E1-28F1B28D041D} = {4F52FD11-658E-A102-6CD3-7D7C16FFA15B}
		{F1185771-2772-4A6F-8FF1-E10FA9CA24B8} = {4F52FD11-658E-A102-6CD3-7D7C16FFA15B}
		{5E677B8B-85A9-40DD-946E-FFE996E94980} = {4F52FD11-658E-A102-6CD3-7D7C16FFA15B}
		{27F90384-215D-F033-2E44-812BACF6D1B0} = {CA253913-39DE-BFD0-C9A3-4B7EC6FBDF17}
		{975EB897-D71B-414A-9802-9509F842CD93} = {27F90384-215D-F033-2E44-812BACF6D1B0}
		{CBC1175D-609F-425D-9D1A-A572C1E9F83F} = {27F90384-215D-F033-2E44-812BACF6D1B0}
		{A68BCFB6-B88D-4352-653D-5429B95F8475} = {CA253913-39DE-BFD0-C9A3-4B7EC6FBDF17}
		{30ED8994-6FD4-426A-9701-7FDA8CD14B00} = {A68BCFB6-B88D-4352-653D-5429B95F8475}
		{961FE76A-47CF-4649-AC25-5B98F5C30BAF} = {A68BCFB6-B88D-4352-653D-5429B95F8475}
		{D8CED9F5-4F85-2931-3CB0-8B5130FC326C} = {CA253913-39DE-BFD0-C9A3-4B7EC6FBDF17}
		{AFE6D9EB-C95E-486E-A3E5-DFBEBF38108C} = {D8CED9F5-4F85-2931-3CB0-8B5130FC326C}
		{146BC2BF-51E5-4FB6-9DE5-9638164E9FFA} = {D8CED9F5-4F85-2931-3CB0-8B5130FC326C}
		{293C06CD-4E17-48BD-9F3B-B5ADDFFA9425} = {CA253913-39DE-BFD0-C9A3-4B7EC6FBDF17}
		{0E3590B1-4BDD-4E52-A648-CCF32F8BA8C4} = {293C06CD-4E17-48BD-9F3B-B5ADDFFA9425}
		{60CDF2E2-896E-41CA-882E-C245F20168BC} = {293C06CD-4E17-48BD-9F3B-B5ADDFFA9425}
		{B761DC3F-C1F9-4CA8-9C70-D69F2E059585} = {827E0CD3-B72D-47B6-A68D-7590B98EB39B}
		{EC447DCF-ABFA-6E24-52A5-D7FD48A5C558} = {827E0CD3-B72D-47B6-A68D-7590B98EB39B}
		{1652FDBE-FD70-10D2-8806-7EAA51A58284} = {EC447DCF-ABFA-6E24-52A5-D7FD48A5C558}
		{18C073E0-6CB1-4693-3636-BFEE619A6192} = {EC447DCF-ABFA-6E24-52A5-D7FD48A5C558}
		{770B2400-F324-E00F-B322-A2F3CFCA8515} = {EC447DCF-ABFA-6E24-52A5-D7FD48A5C558}
		{0EC62A1A-9858-3A60-8A0C-FC9AACFA2EC7} = {EC447DCF-ABFA-6E24-52A5-D7FD48A5C558}
	EndGlobalSection
EndGlobal
